
Microsoft Visual Studio Solution File, Format Version 12.00
# Visual Studio 15
VisualStudioVersion = 15.0.27703.2026
MinimumVisualStudioVersion = 10.0.40219.1
Project("{8BC9CEB8-8B4A-11D0-8D11-00A0C91BC942}") = "RayTracer", "RayTracer\RayTracer.vcxproj", "{1F23309F-E3B3-4E6F-9FFD-0DA005A5CA9A}"
EndProject
Project("{8BC9CEB8-8B4A-11D0-8D11-00A0C91BC942}") = "UnitTest", "UnitTest\UnitTest.vcxproj", "{F8CFADDB-A5AE-4F17-8780-52CE58E2C6AF}"
EndProject
Global
	GlobalSection(SolutionConfigurationPlatforms) = preSolution
		Debug|x64 = Debug|x64
		Debug|x86 = Debug|x86
		Release|x64 = Release|x64
		Release|x86 = Release|x86
	EndGlobalSection
	GlobalSection(ProjectConfigurationPlatforms) = postSolution
		{1F23309F-E3B3-4E6F-9FFD-0DA005A5CA9A}.Debug|x64.ActiveCfg = Debug|x64
		{1F23309F-E3B3-4E6F-9FFD-0DA005A5CA9A}.Debug|x64.Build.0 = Debug|x64
		{1F23309F-E3B3-4E6F-9FFD-0DA005A5CA9A}.Debug|x86.ActiveCfg = Debug|Win32
		{1F23309F-E3B3-4E6F-9FFD-0DA005A5CA9A}.Debug|x86.Build.0 = Debug|Win32
		{1F23309F-E3B3-4E6F-9FFD-0DA005A5CA9A}.Release|x64.ActiveCfg = Release|x64
		{1F23309F-E3B3-4E6F-9FFD-0DA005A5CA9A}.Release|x64.Build.0 = Release|x64
		{1F23309F-E3B3-4E6F-9FFD-0DA005A5CA9A}.Release|x86.ActiveCfg = Release|Win32
		{1F23309F-E3B3-4E6F-9FFD-0DA005A5CA9A}.Release|x86.Build.0 = Release|Win32
		{F8CFADDB-A5AE-4F17-8780-52CE58E2C6AF}.Debug|x64.ActiveCfg = Debug|x64
		{F8CFADDB-A5AE-4F17-8780-52CE58E2C6AF}.Debug|x64.Build.0 = Debug|x64
		{F8CFADDB-A5AE-4F17-8780-52CE58E2C6AF}.Debug|x86.ActiveCfg = Debug|Win32
		{F8CFADDB-A5AE-4F17-8780-52CE58E2C6AF}.Debug|x86.Build.0 = Debug|Win32
		{F8CFADDB-A5AE-4F17-8780-52CE58E2C6AF}.Release|x64.ActiveCfg = Release|x64
		{F8CFADDB-A5AE-4F17-8780-52CE58E2C6AF}.Release|x64.Build.0 = Release|x64
		{F8CFADDB-A5AE-4F17-8780-52CE58E2C6AF}.Release|x86.ActiveCfg = Release|Win32
		{F8CFADDB-A5AE-4F17-8780-52CE58E2C6AF}.Release|x86.Build.0 = Release|Win32
	EndGlobalSection
	GlobalSection(SolutionProperties) = preSolution
		HideSolutionNode = FALSE
	EndGlobalSection
	GlobalSection(ExtensibilityGlobals) = postSolution
		SolutionGuid = {3A76656B-570A-4218-9668-789720D5274D}
	EndGlobalSection
EndGlobal
